// !$*UTF8*$!
{
	archiveVersion = 1;
	classes = {
	};
	objectVersion = 46;
	objects = {

/* Begin PBXBuildFile section */
		3FE216BE1B96C76800954B8D /* main.m in Sources */ = {isa = PBXBuildFile; fileRef = 3FE216BD1B96C76800954B8D /* main.m */; };
		3FE216C11B96C76800954B8D /* AppDelegate.m in Sources */ = {isa = PBXBuildFile; fileRef = 3FE216C01B96C76800954B8D /* AppDelegate.m */; };
		3FE216C41B96C76800954B8D /* ViewController.m in Sources */ = {isa = PBXBuildFile; fileRef = 3FE216C31B96C76800954B8D /* ViewController.m */; };
		3FE216C71B96C76800954B8D /* Main.storyboard in Resources */ = {isa = PBXBuildFile; fileRef = 3FE216C51B96C76800954B8D /* Main.storyboard */; };
		3FE216C91B96C76800954B8D /* Images.xcassets in Resources */ = {isa = PBXBuildFile; fileRef = 3FE216C81B96C76800954B8D /* Images.xcassets */; };
		3FE216CC1B96C76800954B8D /* LaunchScreen.xib in Resources */ = {isa = PBXBuildFile; fileRef = 3FE216CA1B96C76800954B8D /* LaunchScreen.xib */; };
		3FE216D81B96C76800954B8D /* vkTestTests.m in Sources */ = {isa = PBXBuildFile; fileRef = 3FE216D71B96C76800954B8D /* vkTestTests.m */; };
		B0ED5D3F9D44C727CC0F0098 /* libPods.a in Frameworks */ = {isa = PBXBuildFile; fileRef = C377CB3E6D983D3A5B2A857E /* libPods.a */; };
/* End PBXBuildFile section */

/* Begin PBXContainerItemProxy section */
		3FE216D21B96C76800954B8D /* PBXContainerItemProxy */ = {
			isa = PBXContainerItemProxy;
			containerPortal = 3FE216B01B96C76800954B8D /* Project object */;
			proxyType = 1;
			remoteGlobalIDString = 3FE216B71B96C76800954B8D;
			remoteInfo = vkTest;
		};
/* End PBXContainerItemProxy section */

/* Begin PBXFileReference section */
		23C0423F1B38CB23E41C4999 /* Pods.release.xcconfig */ = {isa = PBXFileReference; includeInIndex = 1; lastKnownFileType = text.xcconfig; name = Pods.release.xcconfig; path = "Pods/Target Support Files/Pods/Pods.release.xcconfig"; sourceTree = "<group>"; };
		3FE216B81B96C76800954B8D /* vkTest.app */ = {isa = PBXFileReference; explicitFileType = wrapper.application; includeInIndex = 0; path = vkTest.app; sourceTree = BUILT_PRODUCTS_DIR; };
		3FE216BC1B96C76800954B8D /* Info.plist */ = {isa = PBXFileReference; lastKnownFileType = text.plist.xml; path = Info.plist; sourceTree = "<group>"; };
		3FE216BD1B96C76800954B8D /* main.m */ = {isa = PBXFileReference; lastKnownFileType = sourcecode.c.objc; path = main.m; sourceTree = "<group>"; };
		3FE216BF1B96C76800954B8D /* AppDelegate.h */ = {isa = PBXFileReference; lastKnownFileType = sourcecode.c.h; path = AppDelegate.h; sourceTree = "<group>"; };
		3FE216C01B96C76800954B8D /* AppDelegate.m */ = {isa = PBXFileReference; lastKnownFileType = sourcecode.c.objc; path = AppDelegate.m; sourceTree = "<group>"; };
		3FE216C21B96C76800954B8D /* ViewController.h */ = {isa = PBXFileReference; lastKnownFileType = sourcecode.c.h; path = ViewController.h; sourceTree = "<group>"; };
		3FE216C31B96C76800954B8D /* ViewController.m */ = {isa = PBXFileReference; lastKnownFileType = sourcecode.c.objc; path = ViewController.m; sourceTree = "<group>"; };
		3FE216C61B96C76800954B8D /* Base */ = {isa = PBXFileReference; lastKnownFileType = file.storyboard; name = Base; path = Base.lproj/Main.storyboard; sourceTree = "<group>"; };
		3FE216C81B96C76800954B8D /* Images.xcassets */ = {isa = PBXFileReference; lastKnownFileType = folder.assetcatalog; path = Images.xcassets; sourceTree = "<group>"; };
		3FE216CB1B96C76800954B8D /* Base */ = {isa = PBXFileReference; lastKnownFileType = file.xib; name = Base; path = Base.lproj/LaunchScreen.xib; sourceTree = "<group>"; };
		3FE216D11B96C76800954B8D /* vkTestTests.xctest */ = {isa = PBXFileReference; explicitFileType = wrapper.cfbundle; includeInIndex = 0; path = vkTestTests.xctest; sourceTree = BUILT_PRODUCTS_DIR; };
		3FE216D61B96C76800954B8D /* Info.plist */ = {isa = PBXFileReference; lastKnownFileType = text.plist.xml; path = Info.plist; sourceTree = "<group>"; };
		3FE216D71B96C76800954B8D /* vkTestTests.m */ = {isa = PBXFileReference; lastKnownFileType = sourcecode.c.objc; path = vkTestTests.m; sourceTree = "<group>"; };
		3FE216E11B96C78B00954B8D /* vkTest-Prefix.pch */ = {isa = PBXFileReference; lastKnownFileType = sourcecode.c.h; path = "vkTest-Prefix.pch"; sourceTree = SOURCE_ROOT; };
		C377CB3E6D983D3A5B2A857E /* libPods.a */ = {isa = PBXFileReference; explicitFileType = archive.ar; includeInIndex = 0; path = libPods.a; sourceTree = BUILT_PRODUCTS_DIR; };
		F53207EB65460EF306C82290 /* Pods.debug.xcconfig */ = {isa = PBXFileReference; includeInIndex = 1; lastKnownFileType = text.xcconfig; name = Pods.debug.xcconfig; path = "Pods/Target Support Files/Pods/Pods.debug.xcconfig"; sourceTree = "<group>"; };
/* End PBXFileReference section */

/* Begin PBXFrameworksBuildPhase section */
		3FE216B51B96C76800954B8D /* Frameworks */ = {
			isa = PBXFrameworksBuildPhase;
			buildActionMask = 2147483647;
			files = (
				B0ED5D3F9D44C727CC0F0098 /* libPods.a in Frameworks */,
			);
			runOnlyForDeploymentPostprocessing = 0;
		};
		3FE216CE1B96C76800954B8D /* Frameworks */ = {
			isa = PBXFrameworksBuildPhase;
			buildActionMask = 2147483647;
			files = (
			);
			runOnlyForDeploymentPostprocessing = 0;
		};
/* End PBXFrameworksBuildPhase section */

/* Begin PBXGroup section */
		3FE216AF1B96C76800954B8D = {
			isa = PBXGroup;
			children = (
				3FE216BA1B96C76800954B8D /* vkTest */,
				3FE216D41B96C76800954B8D /* vkTestTests */,
				3FE216B91B96C76800954B8D /* Products */,
				F15C418E3787A41E3A8B514C /* Pods */,
				6C15765D946237CCBE837322 /* Frameworks */,
			);
			sourceTree = "<group>";
		};
		3FE216B91B96C76800954B8D /* Products */ = {
			isa = PBXGroup;
			children = (
				3FE216B81B96C76800954B8D /* vkTest.app */,
				3FE216D11B96C76800954B8D /* vkTestTests.xctest */,
			);
			name = Products;
			sourceTree = "<group>";
		};
		3FE216BA1B96C76800954B8D /* vkTest */ = {
			isa = PBXGroup;
			children = (
				3FE216BF1B96C76800954B8D /* AppDelegate.h */,
				3FE216C01B96C76800954B8D /* AppDelegate.m */,
				3FE216C21B96C76800954B8D /* ViewController.h */,
				3FE216C31B96C76800954B8D /* ViewController.m */,
				3FE216C51B96C76800954B8D /* Main.storyboard */,
				3FE216C81B96C76800954B8D /* Images.xcassets */,
				3FE216CA1B96C76800954B8D /* LaunchScreen.xib */,
				3FE216BB1B96C76800954B8D /* Supporting Files */,
			);
			path = vkTest;
			sourceTree = "<group>";
		};
		3FE216BB1B96C76800954B8D /* Supporting Files */ = {
			isa = PBXGroup;
			children = (
				3FE216E11B96C78B00954B8D /* vkTest-Prefix.pch */,
				3FE216BC1B96C76800954B8D /* Info.plist */,
				3FE216BD1B96C76800954B8D /* main.m */,
			);
			name = "Supporting Files";
			sourceTree = "<group>";
		};
		3FE216D41B96C76800954B8D /* vkTestTests */ = {
			isa = PBXGroup;
			children = (
				3FE216D71B96C76800954B8D /* vkTestTests.m */,
				3FE216D51B96C76800954B8D /* Supporting Files */,
			);
			path = vkTestTests;
			sourceTree = "<group>";
		};
		3FE216D51B96C76800954B8D /* Supporting Files */ = {
			isa = PBXGroup;
			children = (
				3FE216D61B96C76800954B8D /* Info.plist */,
			);
			name = "Supporting Files";
			sourceTree = "<group>";
		};
		6C15765D946237CCBE837322 /* Frameworks */ = {
			isa = PBXGroup;
			children = (
				C377CB3E6D983D3A5B2A857E /* libPods.a */,
			);
			name = Frameworks;
			sourceTree = "<group>";
		};
		F15C418E3787A41E3A8B514C /* Pods */ = {
			isa = PBXGroup;
			children = (
				F53207EB65460EF306C82290 /* Pods.debug.xcconfig */,
				23C0423F1B38CB23E41C4999 /* Pods.release.xcconfig */,
			);
			name = Pods;
			sourceTree = "<group>";
		};
/* End PBXGroup section */

/* Begin PBXNativeTarget section */
		3FE216B71B96C76800954B8D /* vkTest */ = {
			isa = PBXNativeTarget;
			buildConfigurationList = 3FE216DB1B96C76800954B8D /* Build configuration list for PBXNativeTarget "vkTest" */;
			buildPhases = (
				B38B04E535E21D1C5A084D1F /* Check Pods Manifest.lock */,
				3FE216B41B96C76800954B8D /* Sources */,
				3FE216B51B96C76800954B8D /* Frameworks */,
				3FE216B61B96C76800954B8D /* Resources */,
				AEA8AB3C0FAEDD5AA8735C82 /* Copy Pods Resources */,
			);
			buildRules = (
			);
			dependencies = (
			);
			name = vkTest;
			productName = vkTest;
			productReference = 3FE216B81B96C76800954B8D /* vkTest.app */;
			productType = "com.apple.product-type.application";
		};
		3FE216D01B96C76800954B8D /* vkTestTests */ = {
			isa = PBXNativeTarget;
			buildConfigurationList = 3FE216DE1B96C76800954B8D /* Build configuration list for PBXNativeTarget "vkTestTests" */;
			buildPhases = (
				3FE216CD1B96C76800954B8D /* Sources */,
				3FE216CE1B96C76800954B8D /* Frameworks */,
				3FE216CF1B96C76800954B8D /* Resources */,
			);
			buildRules = (
			);
			dependencies = (
				3FE216D31B96C76800954B8D /* PBXTargetDependency */,
			);
			name = vkTestTests;
			productName = vkTestTests;
			productReference = 3FE216D11B96C76800954B8D /* vkTestTests.xctest */;
			productType = "com.apple.product-type.bundle.unit-test";
		};
/* End PBXNativeTarget section */

/* Begin PBXProject section */
		3FE216B01B96C76800954B8D /* Project object */ = {
			isa = PBXProject;
			attributes = {
				LastUpgradeCheck = 0630;
				ORGANIZATIONNAME = jane;
				TargetAttributes = {
					3FE216B71B96C76800954B8D = {
						CreatedOnToolsVersion = 6.3.2;
					};
					3FE216D01B96C76800954B8D = {
						CreatedOnToolsVersion = 6.3.2;
						TestTargetID = 3FE216B71B96C76800954B8D;
					};
				};
			};
			buildConfigurationList = 3FE216B31B96C76800954B8D /* Build configuration list for PBXProject "vkTest" */;
			compatibilityVersion = "Xcode 3.2";
			developmentRegion = English;
			hasScannedForEncodings = 0;
			knownRegions = (
				en,
				Base,
			);
			mainGroup = 3FE216AF1B96C76800954B8D;
			productRefGroup = 3FE216B91B96C76800954B8D /* Products */;
			projectDirPath = "";
			projectRoot = "";
			targets = (
				3FE216B71B96C76800954B8D /* vkTest */,
				3FE216D01B96C76800954B8D /* vkTestTests */,
			);
		};
/* End PBXProject section */

/* Begin PBXResourcesBuildPhase section */
		3FE216B61B96C76800954B8D /* Resources */ = {
			isa = PBXResourcesBuildPhase;
			buildActionMask = 2147483647;
			files = (
				3FE216C71B96C76800954B8D /* Main.storyboard in Resources */,
				3FE216CC1B96C76800954B8D /* LaunchScreen.xib in Resources */,
				3FE216C91B96C76800954B8D /* Images.xcassets in Resources */,
			);
			runOnlyForDeploymentPostprocessing = 0;
		};
		3FE216CF1B96C76800954B8D /* Resources */ = {
			isa = PBXResourcesBuildPhase;
			buildActionMask = 2147483647;
			files = (
			);
			runOnlyForDeploymentPostprocessing = 0;
		};
/* End PBXResourcesBuildPhase section */

/* Begin PBXShellScriptBuildPhase section */
		AEA8AB3C0FAEDD5AA8735C82 /* Copy Pods Resources */ = {
			isa = PBXShellScriptBuildPhase;
			buildActionMask = 2147483647;
			files = (
			);
			inputPaths = (
			);
			name = "Copy Pods Resources";
			outputPaths = (
			);
			runOnlyForDeploymentPostprocessing = 0;
			shellPath = /bin/sh;
			shellScript = "\"${SRCROOT}/Pods/Target Support Files/Pods/Pods-resources.sh\"\n";
			showEnvVarsInLog = 0;
		};
		B38B04E535E21D1C5A084D1F /* Check Pods Manifest.lock */ = {
			isa = PBXShellScriptBuildPhase;
			buildActionMask = 2147483647;
			files = (
			);
			inputPaths = (
			);
			name = "Check Pods Manifest.lock";
			outputPaths = (
			);
			runOnlyForDeploymentPostprocessing = 0;
			shellPath = /bin/sh;
			shellScript = "diff \"${PODS_ROOT}/../Podfile.lock\" \"${PODS_ROOT}/Manifest.lock\" > /dev/null\nif [[ $? != 0 ]] ; then\n    cat << EOM\nerror: The sandbox is not in sync with the Podfile.lock. Run 'pod install' or update your CocoaPods installation.\nEOM\n    exit 1\nfi\n";
			showEnvVarsInLog = 0;
		};
/* End PBXShellScriptBuildPhase section */

/* Begin PBXSourcesBuildPhase section */
		3FE216B41B96C76800954B8D /* Sources */ = {
			isa = PBXSourcesBuildPhase;
			buildActionMask = 2147483647;
			files = (
				3FE216C41B96C76800954B8D /* ViewController.m in Sources */,
				3FE216C11B96C76800954B8D /* AppDelegate.m in Sources */,
				3FE216BE1B96C76800954B8D /* main.m in Sources */,
			);
			runOnlyForDeploymentPostprocessing = 0;
		};
		3FE216CD1B96C76800954B8D /* Sources */ = {
			isa = PBXSourcesBuildPhase;
			buildActionMask = 2147483647;
			files = (
				3FE216D81B96C76800954B8D /* vkTestTests.m in Sources */,
			);
			runOnlyForDeploymentPostprocessing = 0;
		};
/* End PBXSourcesBuildPhase section */

/* Begin PBXTargetDependency section */
		3FE216D31B96C76800954B8D /* PBXTargetDependency */ = {
			isa = PBXTargetDependency;
			target = 3FE216B71B96C76800954B8D /* vkTest */;
			targetProxy = 3FE216D21B96C76800954B8D /* PBXContainerItemProxy */;
		};
/* End PBXTargetDependency section */

/* Begin PBXVariantGroup section */
		3FE216C51B96C76800954B8D /* Main.storyboard */ = {
			isa = PBXVariantGroup;
			children = (
				3FE216C61B96C76800954B8D /* Base */,
			);
			name = Main.storyboard;
			sourceTree = "<group>";
		};
		3FE216CA1B96C76800954B8D /* LaunchScreen.xib */ = {
			isa = PBXVariantGroup;
			children = (
				3FE216CB1B96C76800954B8D /* Base */,
			);
			name = LaunchScreen.xib;
			sourceTree = "<group>";
		};
/* End PBXVariantGroup section */

/* Begin XCBuildConfiguration section */
		3FE216D91B96C76800954B8D /* Debug */ = {
			isa = XCBuildConfiguration;
			buildSettings = {
				ALWAYS_SEARCH_USER_PATHS = NO;
				CLANG_CXX_LANGUAGE_STANDARD = "gnu++0x";
				CLANG_CXX_LIBRARY = "libc++";
				CLANG_ENABLE_MODULES = YES;
				CLANG_ENABLE_OBJC_ARC = YES;
				CLANG_WARN_BOOL_CONVERSION = YES;
				CLANG_WARN_CONSTANT_CONVERSION = YES;
				CLANG_WARN_DIRECT_OBJC_ISA_USAGE = YES_ERROR;
				CLANG_WARN_EMPTY_BODY = YES;
				CLANG_WARN_ENUM_CONVERSION = YES;
				CLANG_WARN_INT_CONVERSION = YES;
				CLANG_WARN_OBJC_ROOT_CLASS = YES_ERROR;
				CLANG_WARN_UNREACHABLE_CODE = YES;
				CLANG_WARN__DUPLICATE_METHOD_MATCH = YES;
				"CODE_SIGN_IDENTITY[sdk=iphoneos*]" = "iPhone Developer";
				COPY_PHASE_STRIP = NO;
				DEBUG_INFORMATION_FORMAT = "dwarf-with-dsym";
				ENABLE_STRICT_OBJC_MSGSEND = YES;
				GCC_C_LANGUAGE_STANDARD = gnu99;
				GCC_DYNAMIC_NO_PIC = NO;
				GCC_NO_COMMON_BLOCKS = YES;
				GCC_OPTIMIZATION_LEVEL = 0;
				GCC_PREPROCESSOR_DEFINITIONS = (
					"DEBUG=1",
					"$(inherited)",
				);
				GCC_SYMBOLS_PRIVATE_EXTERN = NO;
				GCC_WARN_64_TO_32_BIT_CONVERSION = YES;
				GCC_WARN_ABOUT_RETURN_TYPE = YES_ERROR;
				GCC_WARN_UNDECLARED_SELECTOR = YES;
				GCC_WARN_UNINITIALIZED_AUTOS = YES_AGGRESSIVE;
				GCC_WARN_UNUSED_FUNCTION = YES;
				GCC_WARN_UNUSED_VARIABLE = YES;
				IPHONEOS_DEPLOYMENT_TARGET = 8.3;
				MTL_ENABLE_DEBUG_INFO = YES;
				ONLY_ACTIVE_ARCH = YES;
				SDKROOT = iphoneos;
			};
			name = Debug;
		};
		3FE216DA1B96C76800954B8D /* Release */ = {
			isa = XCBuildConfiguration;
			buildSettings = {
				ALWAYS_SEARCH_USER_PATHS = NO;
				CLANG_CXX_LANGUAGE_STANDARD = "gnu++0x";
				CLANG_CXX_LIBRARY = "libc++";
				CLANG_ENABLE_MODULES = YES;
				CLANG_ENABLE_OBJC_ARC = YES;
				CLANG_WARN_BOOL_CONVERSION = YES;
				CLANG_WARN_CONSTANT_CONVERSION = YES;
				CLANG_WARN_DIRECT_OBJC_ISA_USAGE = YES_ERROR;
				CLANG_WARN_EMPTY_BODY = YES;
				CLANG_WARN_ENUM_CONVERSION = YES;
				CLANG_WARN_INT_CONVERSION = YES;
				CLANG_WARN_OBJC_ROOT_CLASS = YES_ERROR;
				CLANG_WARN_UNREACHABLE_CODE = YES;
				CLANG_WARN__DUPLICATE_METHOD_MATCH = YES;
				"CODE_SIGN_IDENTITY[sdk=iphoneos*]" = "iPhone Developer";
				COPY_PHASE_STRIP = NO;
				DEBUG_INFORMATION_FORMAT = "dwarf-with-dsym";
				ENABLE_NS_ASSERTIONS = NO;
				ENABLE_STRICT_OBJC_MSGSEND = YES;
				GCC_C_LANGUAGE_STANDARD = gnu99;
				GCC_NO_COMMON_BLOCKS = YES;
				GCC_WARN_64_TO_32_BIT_CONVERSION = YES;
				GCC_WARN_ABOUT_RETURN_TYPE = YES_ERROR;
				GCC_WARN_UNDECLARED_SELECTOR = YES;
				GCC_WARN_UNINITIALIZED_AUTOS = YES_AGGRESSIVE;
				GCC_WARN_UNUSED_FUNCTION = YES;
				GCC_WARN_UNUSED_VARIABLE = YES;
				IPHONEOS_DEPLOYMENT_TARGET = 8.3;
				MTL_ENABLE_DEBUG_INFO = NO;
				SDKROOT = iphoneos;
				VALIDATE_PRODUCT = YES;
			};
			name = Release;
		};
		3FE216DC1B96C76800954B8D /* Debug */ = {
			isa = XCBuildConfiguration;
			baseConfigurationReference = F53207EB65460EF306C82290 /* Pods.debug.xcconfig */;
			buildSettings = {
				ASSETCATALOG_COMPILER_APPICON_NAME = AppIcon;
				GCC_PREFIX_HEADER = "vkTest-Prefix.pch";
				INFOPLIST_FILE = vkTest/Info.plist;
				IPHONEOS_DEPLOYMENT_TARGET = 7.0;
				LD_RUNPATH_SEARCH_PATHS = "$(inherited) @executable_path/Frameworks";
				PRODUCT_NAME = "$(TARGET_NAME)";
			};
			name = Debug;
		};
		3FE216DD1B96C76800954B8D /* Release */ = {
			isa = XCBuildConfiguration;
			baseConfigurationReference = 23C0423F1B38CB23E41C4999 /* Pods.release.xcconfig */;
			buildSettings = {
				ASSETCATALOG_COMPILER_APPICON_NAME = AppIcon;
				GCC_PREFIX_HEADER = "vkTest-Prefix.pch";
				INFOPLIST_FILE = vkTest/Info.plist;
				IPHONEOS_DEPLOYMENT_TARGET = 7.0;
				LD_RUNPATH_SEARCH_PATHS = "$(inherited) @executable_path/Frameworks";
				PRODUCT_NAME = "$(TARGET_NAME)";
			};
			name = Release;
		};
		3FE216DF1B96C76800954B8D /* Debug */ = {
			isa = XCBuildConfiguration;
			buildSettings = {
				BUNDLE_LOADER = "$(TEST_HOST)";
				FRAMEWORK_SEARCH_PATHS = (
					"$(SDKROOT)/Developer/Library/Frameworks",
					"$(inherited)",
				);
				GCC_PREPROCESSOR_DEFINITIONS = (
					"DEBUG=1",
					"$(inherited)",
				);
				INFOPLIST_FILE = vkTestTests/Info.plist;
				LD_RUNPATH_SEARCH_PATHS = "$(inherited) @executable_path/Frameworks @loader_path/Frameworks";
				PRODUCT_NAME = "$(TARGET_NAME)";
				TEST_HOST = "$(BUILT_PRODUCTS_DIR)/vkTest.app/vkTest";
			};
			name = Debug;
		};
		3FE216E01B96C76800954B8D /* Release */ = {
			isa = XCBuildConfiguration;
			buildSettings = {
				BUNDLE_LOADER = "$(TEST_HOST)";
				FRAMEWORK_SEARCH_PATHS = (
					"$(SDKROOT)/Developer/Library/Frameworks",
					"$(inherited)",
				);
				INFOPLIST_FILE = vkTestTests/Info.plist;
				LD_RUNPATH_SEARCH_PATHS = "$(inherited) @executable_path/Frameworks @loader_path/Frameworks";
				PRODUCT_NAME = "$(TARGET_NAME)";
				TEST_HOST = "$(BUILT_PRODUCTS_DIR)/vkTest.app/vkTest";
			};
			name = Release;
		};
/* End XCBuildConfiguration section */

/* Begin XCConfigurationList section */
		3FE216B31B96C76800954B8D /* Build configuration list for PBXProject "vkTest" */ = {
			isa = XCConfigurationList;
			buildConfigurations = (
				3FE216D91B96C76800954B8D /* Debug */,
				3FE216DA1B96C76800954B8D /* Release */,
			);
			defaultConfigurationIsVisible = 0;
			defaultConfigurationName = Release;
		};
		3FE216DB1B96C76800954B8D /* Build configuration list for PBXNativeTarget "vkTest" */ = {
			isa = XCConfigurationList;
			buildConfigurations = (
				3FE216DC1B96C76800954B8D /* Debug */,
				3FE216DD1B96C76800954B8D /* Release */,
			);
			defaultConfigurationIsVisible = 0;
			defaultConfigurationName = Release;
		};
		3FE216DE1B96C76800954B8D /* Build configuration list for PBXNativeTarget "vkTestTests" */ = {
			isa = XCConfigurationList;
			buildConfigurations = (
				3FE216DF1B96C76800954B8D /* Debug */,
				3FE216E01B96C76800954B8D /* Release */,
			);
			defaultConfigurationIsVisible = 0;
			defaultConfigurationName = Release;
		};
/* End XCConfigurationList section */
	};
	rootObject = 3FE216B01B96C76800954B8D /* Project object */;
}
